
Microsoft Visual Studio Solution File, Format Version 12.00
# Visual Studio 15
VisualStudioVersion = 15.0.28010.2050
MinimumVisualStudioVersion = 10.0.40219.1
Project("{FAE04EC0-301F-11D3-BF4B-00C04F79EFBC}") = "ProjectDemo", "ProjectDemo\ProjectDemo.csproj", "{54793E8D-9869-47EB-AF55-CA396F2F8A17}"
EndProject
Global
	GlobalSection(SolutionConfigurationPlatforms) = preSolution
		Debug|Any CPU = Debug|Any CPU
		Release|Any CPU = Release|Any CPU
	EndGlobalSection
	GlobalSection(ProjectConfigurationPlatforms) = postSolution
		{54793E8D-9869-47EB-AF55-CA396F2F8A17}.Debug|Any CPU.ActiveCfg = Debug|Any CPU
		{54793E8D-9869-47EB-AF55-CA396F2F8A17}.Debug|Any CPU.Build.0 = Debug|Any CPU
		{54793E8D-9869-47EB-AF55-CA396F2F8A17}.Release|Any CPU.ActiveCfg = Release|Any CPU
		{54793E8D-9869-47EB-AF55-CA396F2F8A17}.Release|Any CPU.Build.0 = Release|Any CPU
	EndGlobalSection
	GlobalSection(SolutionProperties) = preSolution
		HideSolutionNode = FALSE
	EndGlobalSection
	GlobalSection(ExtensibilityGlobals) = postSolution
		SolutionGuid = {15068441-4B2B-4D04-90E3-6D0A417779A0}
	EndGlobalSection
EndGlobal
